
Microsoft Visual Studio Solution File, Format Version 12.00
# Visual Studio 15
VisualStudioVersion = 15.0.33801.198
MinimumVisualStudioVersion = 10.0.40219.1
Project("{FAE04EC0-301F-11D3-BF4B-00C04F79EFBC}") = "DemoApplication", "DemoApplication\DemoApplication.csproj", "{F27CE1E2-5A54-491C-BECA-58625E1FCB60}"
EndProject
Global
	GlobalSection(SolutionConfigurationPlatforms) = preSolution
		Debug|Any CPU = Debug|Any CPU
		Release|Any CPU = Release|Any CPU
	EndGlobalSection
	GlobalSection(ProjectConfigurationPlatforms) = postSolution
		{F27CE1E2-5A54-491C-BECA-58625E1FCB60}.Debug|Any CPU.ActiveCfg = Debug|Any CPU
		{F27CE1E2-5A54-491C-BECA-58625E1FCB60}.Debug|Any CPU.Build.0 = Debug|Any CPU
		{F27CE1E2-5A54-491C-BECA-58625E1FCB60}.Release|Any CPU.ActiveCfg = Release|Any CPU
		{F27CE1E2-5A54-491C-BECA-58625E1FCB60}.Release|Any CPU.Build.0 = Release|Any CPU
	EndGlobalSection
	GlobalSection(SolutionProperties) = preSolution
		HideSolutionNode = FALSE
	EndGlobalSection
	GlobalSection(ExtensibilityGlobals) = postSolution
		SolutionGuid = {FF31052A-281C-4858-816F-143CC746CE89}
	EndGlobalSection
EndGlobal
